
Microsoft Visual Studio Solution File, Format Version 12.00
# Visual Studio Version 17
VisualStudioVersion = 17.7.34003.232
MinimumVisualStudioVersion = 10.0.40219.1
Project("{2150E333-8FDC-42A3-9474-1A3956D46DE8}") = "src", "src", "{7D0487F6-BCF4-4EF1-AD4E-4BC78ABF014B}"
EndProject
Project("{FAE04EC0-301F-11D3-BF4B-00C04F79EFBC}") = "AuctionService", "src\AuctionService\AuctionService.csproj", "{E55AA1B4-E0F0-4B9B-9A9C-A9EE48D15C42}"
EndProject
Project("{FAE04EC0-301F-11D3-BF4B-00C04F79EFBC}") = "SearchService", "src\SearchService\SearchService.csproj", "{B8D3C4CD-88EC-4E57-8FF0-355978B807F2}"
EndProject
Project("{FAE04EC0-301F-11D3-BF4B-00C04F79EFBC}") = "Contracts", "src\Contracts\Contracts.csproj", "{069871E7-3B51-4371-B6C0-8296AA39FA68}"
EndProject
Global
	GlobalSection(SolutionConfigurationPlatforms) = preSolution
		Debug|Any CPU = Debug|Any CPU
		Release|Any CPU = Release|Any CPU
	EndGlobalSection
	GlobalSection(ProjectConfigurationPlatforms) = postSolution
		{E55AA1B4-E0F0-4B9B-9A9C-A9EE48D15C42}.Debug|Any CPU.ActiveCfg = Debug|Any CPU
		{E55AA1B4-E0F0-4B9B-9A9C-A9EE48D15C42}.Debug|Any CPU.Build.0 = Debug|Any CPU
		{E55AA1B4-E0F0-4B9B-9A9C-A9EE48D15C42}.Release|Any CPU.ActiveCfg = Release|Any CPU
		{E55AA1B4-E0F0-4B9B-9A9C-A9EE48D15C42}.Release|Any CPU.Build.0 = Release|Any CPU
		{B8D3C4CD-88EC-4E57-8FF0-355978B807F2}.Debug|Any CPU.ActiveCfg = Debug|Any CPU
		{B8D3C4CD-88EC-4E57-8FF0-355978B807F2}.Debug|Any CPU.Build.0 = Debug|Any CPU
		{B8D3C4CD-88EC-4E57-8FF0-355978B807F2}.Release|Any CPU.ActiveCfg = Release|Any CPU
		{B8D3C4CD-88EC-4E57-8FF0-355978B807F2}.Release|Any CPU.Build.0 = Release|Any CPU
		{069871E7-3B51-4371-B6C0-8296AA39FA68}.Debug|Any CPU.ActiveCfg = Debug|Any CPU
		{069871E7-3B51-4371-B6C0-8296AA39FA68}.Debug|Any CPU.Build.0 = Debug|Any CPU
		{069871E7-3B51-4371-B6C0-8296AA39FA68}.Release|Any CPU.ActiveCfg = Release|Any CPU
		{069871E7-3B51-4371-B6C0-8296AA39FA68}.Release|Any CPU.Build.0 = Release|Any CPU
	EndGlobalSection
	GlobalSection(SolutionProperties) = preSolution
		HideSolutionNode = FALSE
	EndGlobalSection
	GlobalSection(ExtensibilityGlobals) = postSolution
		SolutionGuid = {3D41C6EE-34A1-4241-BD33-6A73CC17BB9B}
	EndGlobalSection
	GlobalSection(NestedProjects) = preSolution
		{B8D3C4CD-88EC-4E57-8FF0-355978B807F2} = {7D0487F6-BCF4-4EF1-AD4E-4BC78ABF014B}
		{E55AA1B4-E0F0-4B9B-9A9C-A9EE48D15C42} = {7D0487F6-BCF4-4EF1-AD4E-4BC78ABF014B}
		{069871E7-3B51-4371-B6C0-8296AA39FA68} = {7D0487F6-BCF4-4EF1-AD4E-4BC78ABF014B}
	EndGlobalSection
EndGlobal
